
Microsoft Visual Studio Solution File, Format Version 12.00
# Visual Studio Version 16
VisualStudioVersion = 16.0.30114.105
MinimumVisualStudioVersion = 10.0.40219.1
Project("{FAE04EC0-301F-11D3-BF4B-00C04F79EFBC}") = "WritePad", "WritePad\WritePad.csproj", "{BEFDEC22-F6BD-4A73-9D4B-47CAA9AC8F48}"
EndProject
Global
	GlobalSection(SolutionConfigurationPlatforms) = preSolution
		Debug|Any CPU = Debug|Any CPU
		Release|Any CPU = Release|Any CPU
	EndGlobalSection
	GlobalSection(ProjectConfigurationPlatforms) = postSolution
		{BEFDEC22-F6BD-4A73-9D4B-47CAA9AC8F48}.Debug|Any CPU.ActiveCfg = Debug|Any CPU
		{BEFDEC22-F6BD-4A73-9D4B-47CAA9AC8F48}.Debug|Any CPU.Build.0 = Debug|Any CPU
		{BEFDEC22-F6BD-4A73-9D4B-47CAA9AC8F48}.Release|Any CPU.ActiveCfg = Release|Any CPU
		{BEFDEC22-F6BD-4A73-9D4B-47CAA9AC8F48}.Release|Any CPU.Build.0 = Release|Any CPU
	EndGlobalSection
	GlobalSection(SolutionProperties) = preSolution
		HideSolutionNode = FALSE
	EndGlobalSection
	GlobalSection(ExtensibilityGlobals) = postSolution
		SolutionGuid = {5067B0D5-782E-4A78-B764-620A0620D238}
	EndGlobalSection
EndGlobal
